PODS:
  - PokipediaFoundation (0.0.1)

DEPENDENCIES:
  - PokipediaFoundation (from `https://github.com/54lihaoxin/pokipedia_foundation.git`)

EXTERNAL SOURCES:
  PokipediaFoundation:
    :git: https://github.com/54lihaoxin/pokipedia_foundation.git

CHECKOUT OPTIONS:
  PokipediaFoundation:
    :commit: 249b88e5ee078da2867288f839adc3232e474b42
    :git: https://github.com/54lihaoxin/pokipedia_foundation.git

SPEC CHECKSUMS:
  PokipediaFoundation: 68a1c41db9eda08158544749c1b7f22f6fdf0ec1

PODFILE CHECKSUM: 0a68fa6c3b3f894671ba36a2f676274489d3f9b7

COCOAPODS: 1.5.3
